// !$*UTF8*$!
{
	archiveVersion = 1;
	classes = {
	};
	objectVersion = 51;
	objects = {

/* Begin PBXBuildFile section */
		19E149642B66A273EEECA27D /* Pods_fitnessAppTests.framework in Frameworks */ = {isa = PBXBuildFile; fileRef = 0821D888C189BCF0E664671C /* Pods_fitnessAppTests.framework */; };
		32901059DC6B92898F2200A8 /* Pods_fitnessApp.framework in Frameworks */ = {isa = PBXBuildFile; fileRef = BB6CA564DDFF4ED613C7E2EB /* Pods_fitnessApp.framework */; };
		333A475C25DEE40600E25965 /* MainPageViewController.swift in Sources */ = {isa = PBXBuildFile; fileRef = 333A475B25DEE40600E25965 /* MainPageViewController.swift */; };
		3359B358260AB5C900C2E110 /* ProfilePageViewController.swift in Sources */ = {isa = PBXBuildFile; fileRef = 3359B357260AB5C900C2E110 /* ProfilePageViewController.swift */; };
		3380698425D86AB90031A084 /* AppDelegate.swift in Sources */ = {isa = PBXBuildFile; fileRef = 3380698325D86AB90031A084 /* AppDelegate.swift */; };
		3380698625D86AB90031A084 /* SceneDelegate.swift in Sources */ = {isa = PBXBuildFile; fileRef = 3380698525D86AB90031A084 /* SceneDelegate.swift */; };
		3380698825D86AB90031A084 /* ViewController.swift in Sources */ = {isa = PBXBuildFile; fileRef = 3380698725D86AB90031A084 /* ViewController.swift */; };
		3380698B25D86AB90031A084 /* Main.storyboard in Resources */ = {isa = PBXBuildFile; fileRef = 3380698925D86AB90031A084 /* Main.storyboard */; };
		3380698D25D86ABA0031A084 /* Assets.xcassets in Resources */ = {isa = PBXBuildFile; fileRef = 3380698C25D86ABA0031A084 /* Assets.xcassets */; };
		3380699025D86ABA0031A084 /* LaunchScreen.storyboard in Resources */ = {isa = PBXBuildFile; fileRef = 3380698E25D86ABA0031A084 /* LaunchScreen.storyboard */; };
		3380699B25D86ABA0031A084 /* fitnessAppTests.swift in Sources */ = {isa = PBXBuildFile; fileRef = 3380699A25D86ABA0031A084 /* fitnessAppTests.swift */; };
		338069A625D86ABA0031A084 /* fitnessAppUITests.swift in Sources */ = {isa = PBXBuildFile; fileRef = 338069A525D86ABA0031A084 /* fitnessAppUITests.swift */; };
		338069BF25D86DD70031A084 /* Step1ViewController.swift in Sources */ = {isa = PBXBuildFile; fileRef = 338069BE25D86DD70031A084 /* Step1ViewController.swift */; };
		688EC7BB7636D33A3056E157 /* Pods_fitnessApp_fitnessAppUITests.framework in Frameworks */ = {isa = PBXBuildFile; fileRef = 02088EF0E5B263B01862752F /* Pods_fitnessApp_fitnessAppUITests.framework */; };
		861AB09226084E6400B08502 /* ExerciseTableViewController.swift in Sources */ = {isa = PBXBuildFile; fileRef = 861AB09126084E6400B08502 /* ExerciseTableViewController.swift */; };
		86926A0225E19CB7007D52DF /* CalorieCalculator.swift in Sources */ = {isa = PBXBuildFile; fileRef = 86926A0125E19CB7007D52DF /* CalorieCalculator.swift */; };
		86C616A325F9667900CABBE1 /* CreateNewExercise.swift in Sources */ = {isa = PBXBuildFile; fileRef = 86C616A225F9667900CABBE1 /* CreateNewExercise.swift */; };
		86C616A825F96DC200CABBE1 /* NewWorkout.swift in Sources */ = {isa = PBXBuildFile; fileRef = 86C616A725F96DC200CABBE1 /* NewWorkout.swift */; };
		86C616AD25F96FEA00CABBE1 /* LoadExistingExercise.swift in Sources */ = {isa = PBXBuildFile; fileRef = 86C616AC25F96FEA00CABBE1 /* LoadExistingExercise.swift */; };
		A002B4F22622630800A098EF /* APIViewController.swift in Sources */ = {isa = PBXBuildFile; fileRef = A002B4F12622630800A098EF /* APIViewController.swift */; };
		A002B4F7262264AB00A098EF /* HomeModel.swift in Sources */ = {isa = PBXBuildFile; fileRef = A002B4F6262264AB00A098EF /* HomeModel.swift */; };
		A002B4FC262264B600A098EF /* LocationModel.swift in Sources */ = {isa = PBXBuildFile; fileRef = A002B4FB262264B600A098EF /* LocationModel.swift */; };
		A002B50626235FA200A098EF /* MapKit.framework in Frameworks */ = {isa = PBXBuildFile; fileRef = A002B50526235FA200A098EF /* MapKit.framework */; };
		A0D9B32425E817AF00B93C3A /* File.swift in Sources */ = {isa = PBXBuildFile; fileRef = A0D9B32325E817AF00B93C3A /* File.swift */; };
		A0D9B32C25E8197800B93C3A /* BMIViewController.swift in Sources */ = {isa = PBXBuildFile; fileRef = A0D9B32B25E8197800B93C3A /* BMIViewController.swift */; };
		A0F1DF6525F3ECAC003D7A3B /* HomeBoardViewController.swift in Sources */ = {isa = PBXBuildFile; fileRef = A0F1DF6425F3ECAC003D7A3B /* HomeBoardViewController.swift */; };
		E823293F25DCAE21001D9DE0 /* Step3ViewController.swift in Sources */ = {isa = PBXBuildFile; fileRef = E823293E25DCAE21001D9DE0 /* Step3ViewController.swift */; };
		E838B4CC262D0EB3001A8725 /* Workouts ViewController.swift in Sources */ = {isa = PBXBuildFile; fileRef = E838B4CB262D0EB3001A8725 /* Workouts ViewController.swift */; };
		E838B4D1262D0FB7001A8725 /* More ViewController.swift in Sources */ = {isa = PBXBuildFile; fileRef = E838B4D0262D0FB7001A8725 /* More ViewController.swift */; };
		E838B4DE262D198E001A8725 /* LogNewExercise ViewController.swift in Sources */ = {isa = PBXBuildFile; fileRef = E838B4DD262D198E001A8725 /* LogNewExercise ViewController.swift */; };
		E838B4ED262E12E9001A8725 /* Main ViewController.swift in Sources */ = {isa = PBXBuildFile; fileRef = E838B4EC262E12E9001A8725 /* Main ViewController.swift */; };
/* End PBXBuildFile section */

/* Begin PBXContainerItemProxy section */
		3380699725D86ABA0031A084 /* PBXContainerItemProxy */ = {
			isa = PBXContainerItemProxy;
			containerPortal = 3380697825D86AB90031A084 /* Project object */;
			proxyType = 1;
			remoteGlobalIDString = 3380697F25D86AB90031A084;
			remoteInfo = fitnessApp;
		};
		338069A225D86ABA0031A084 /* PBXContainerItemProxy */ = {
			isa = PBXContainerItemProxy;
			containerPortal = 3380697825D86AB90031A084 /* Project object */;
			proxyType = 1;
			remoteGlobalIDString = 3380697F25D86AB90031A084;
			remoteInfo = fitnessApp;
		};
/* End PBXContainerItemProxy section */

/* Begin PBXFileReference section */
		02088EF0E5B263B01862752F /* Pods_fitnessApp_fitnessAppUITests.framework */ = {isa = PBXFileReference; explicitFileType = wrapper.framework; includeInIndex = 0; path = Pods_fitnessApp_fitnessAppUITests.framework; sourceTree = BUILT_PRODUCTS_DIR; };
		0821D888C189BCF0E664671C /* Pods_fitnessAppTests.framework */ = {isa = PBXFileReference; explicitFileType = wrapper.framework; includeInIndex = 0; path = Pods_fitnessAppTests.framework; sourceTree = BUILT_PRODUCTS_DIR; };
		241978DB5FDB858AD9FD636B /* Pods-fitnessAppTests.release.xcconfig */ = {isa = PBXFileReference; includeInIndex = 1; lastKnownFileType = text.xcconfig; name = "Pods-fitnessAppTests.release.xcconfig"; path = "Target Support Files/Pods-fitnessAppTests/Pods-fitnessAppTests.release.xcconfig"; sourceTree = "<group>"; };
		333A475B25DEE40600E25965 /* MainPageViewController.swift */ = {isa = PBXFileReference; lastKnownFileType = sourcecode.swift; path = MainPageViewController.swift; sourceTree = "<group>"; };
		3359B357260AB5C900C2E110 /* ProfilePageViewController.swift */ = {isa = PBXFileReference; lastKnownFileType = sourcecode.swift; path = ProfilePageViewController.swift; sourceTree = "<group>"; };
		3380698025D86AB90031A084 /* fitnessApp.app */ = {isa = PBXFileReference; explicitFileType = wrapper.application; includeInIndex = 0; path = fitnessApp.app; sourceTree = BUILT_PRODUCTS_DIR; };
		3380698325D86AB90031A084 /* AppDelegate.swift */ = {isa = PBXFileReference; lastKnownFileType = sourcecode.swift; path = AppDelegate.swift; sourceTree = "<group>"; };
		3380698525D86AB90031A084 /* SceneDelegate.swift */ = {isa = PBXFileReference; lastKnownFileType = sourcecode.swift; path = SceneDelegate.swift; sourceTree = "<group>"; };
		3380698725D86AB90031A084 /* ViewController.swift */ = {isa = PBXFileReference; lastKnownFileType = sourcecode.swift; path = ViewController.swift; sourceTree = "<group>"; };
		3380698A25D86AB90031A084 /* Base */ = {isa = PBXFileReference; lastKnownFileType = file.storyboard; name = Base; path = Base.lproj/Main.storyboard; sourceTree = "<group>"; };
		3380698C25D86ABA0031A084 /* Assets.xcassets */ = {isa = PBXFileReference; lastKnownFileType = folder.assetcatalog; path = Assets.xcassets; sourceTree = "<group>"; };
		3380698F25D86ABA0031A084 /* Base */ = {isa = PBXFileReference; lastKnownFileType = file.storyboard; name = Base; path = Base.lproj/LaunchScreen.storyboard; sourceTree = "<group>"; };
		3380699125D86ABA0031A084 /* Info.plist */ = {isa = PBXFileReference; lastKnownFileType = text.plist.xml; path = Info.plist; sourceTree = "<group>"; };
		3380699625D86ABA0031A084 /* fitnessAppTests.xctest */ = {isa = PBXFileReference; explicitFileType = wrapper.cfbundle; includeInIndex = 0; path = fitnessAppTests.xctest; sourceTree = BUILT_PRODUCTS_DIR; };
		3380699A25D86ABA0031A084 /* fitnessAppTests.swift */ = {isa = PBXFileReference; lastKnownFileType = sourcecode.swift; path = fitnessAppTests.swift; sourceTree = "<group>"; };
		3380699C25D86ABA0031A084 /* Info.plist */ = {isa = PBXFileReference; lastKnownFileType = text.plist.xml; path = Info.plist; sourceTree = "<group>"; };
		338069A125D86ABA0031A084 /* fitnessAppUITests.xctest */ = {isa = PBXFileReference; explicitFileType = wrapper.cfbundle; includeInIndex = 0; path = fitnessAppUITests.xctest; sourceTree = BUILT_PRODUCTS_DIR; };
		338069A525D86ABA0031A084 /* fitnessAppUITests.swift */ = {isa = PBXFileReference; lastKnownFileType = sourcecode.swift; path = fitnessAppUITests.swift; sourceTree = "<group>"; };
		338069A725D86ABA0031A084 /* Info.plist */ = {isa = PBXFileReference; lastKnownFileType = text.plist.xml; path = Info.plist; sourceTree = "<group>"; };
		338069BE25D86DD70031A084 /* Step1ViewController.swift */ = {isa = PBXFileReference; lastKnownFileType = sourcecode.swift; path = Step1ViewController.swift; sourceTree = "<group>"; };
		3763BEEA39D4A8B486D6A65A /* Pods-fitnessAppTests.debug.xcconfig */ = {isa = PBXFileReference; includeInIndex = 1; lastKnownFileType = text.xcconfig; name = "Pods-fitnessAppTests.debug.xcconfig"; path = "Target Support Files/Pods-fitnessAppTests/Pods-fitnessAppTests.debug.xcconfig"; sourceTree = "<group>"; };
		5F9427D2E81E0BB7E4B970F2 /* Pods-fitnessApp.release.xcconfig */ = {isa = PBXFileReference; includeInIndex = 1; lastKnownFileType = text.xcconfig; name = "Pods-fitnessApp.release.xcconfig"; path = "Target Support Files/Pods-fitnessApp/Pods-fitnessApp.release.xcconfig"; sourceTree = "<group>"; };
		69C412693D83237AED7872C5 /* Pods-fitnessApp-fitnessAppUITests.release.xcconfig */ = {isa = PBXFileReference; includeInIndex = 1; lastKnownFileType = text.xcconfig; name = "Pods-fitnessApp-fitnessAppUITests.release.xcconfig"; path = "Target Support Files/Pods-fitnessApp-fitnessAppUITests/Pods-fitnessApp-fitnessAppUITests.release.xcconfig"; sourceTree = "<group>"; };
		73F7E21E98CA2D2C56D5449D /* Pods-fitnessApp.debug.xcconfig */ = {isa = PBXFileReference; includeInIndex = 1; lastKnownFileType = text.xcconfig; name = "Pods-fitnessApp.debug.xcconfig"; path = "Target Support Files/Pods-fitnessApp/Pods-fitnessApp.debug.xcconfig"; sourceTree = "<group>"; };
		861AB09126084E6400B08502 /* ExerciseTableViewController.swift */ = {isa = PBXFileReference; lastKnownFileType = sourcecode.swift; path = ExerciseTableViewController.swift; sourceTree = "<group>"; };
		86926A0125E19CB7007D52DF /* CalorieCalculator.swift */ = {isa = PBXFileReference; lastKnownFileType = sourcecode.swift; path = CalorieCalculator.swift; sourceTree = "<group>"; };
		86C616A225F9667900CABBE1 /* CreateNewExercise.swift */ = {isa = PBXFileReference; lastKnownFileType = sourcecode.swift; path = CreateNewExercise.swift; sourceTree = "<group>"; };
		86C616A725F96DC200CABBE1 /* NewWorkout.swift */ = {isa = PBXFileReference; lastKnownFileType = sourcecode.swift; path = NewWorkout.swift; sourceTree = "<group>"; };
		86C616AC25F96FEA00CABBE1 /* LoadExistingExercise.swift */ = {isa = PBXFileReference; lastKnownFileType = sourcecode.swift; path = LoadExistingExercise.swift; sourceTree = "<group>"; };
		8902C071542EEE3B157A0BEC /* Pods-fitnessApp-fitnessAppUITests.debug.xcconfig */ = {isa = PBXFileReference; includeInIndex = 1; lastKnownFileType = text.xcconfig; name = "Pods-fitnessApp-fitnessAppUITests.debug.xcconfig"; path = "Target Support Files/Pods-fitnessApp-fitnessAppUITests/Pods-fitnessApp-fitnessAppUITests.debug.xcconfig"; sourceTree = "<group>"; };
		A002B4F12622630800A098EF /* APIViewController.swift */ = {isa = PBXFileReference; lastKnownFileType = sourcecode.swift; path = APIViewController.swift; sourceTree = "<group>"; };
		A002B4F6262264AB00A098EF /* HomeModel.swift */ = {isa = PBXFileReference; lastKnownFileType = sourcecode.swift; path = HomeModel.swift; sourceTree = "<group>"; };
		A002B4FB262264B600A098EF /* LocationModel.swift */ = {isa = PBXFileReference; lastKnownFileType = sourcecode.swift; path = LocationModel.swift; sourceTree = "<group>"; };
		A002B50526235FA200A098EF /* MapKit.framework */ = {isa = PBXFileReference; lastKnownFileType = wrapper.framework; name = MapKit.framework; path = System/Library/Frameworks/MapKit.framework; sourceTree = SDKROOT; };
		A0D9B32325E817AF00B93C3A /* File.swift */ = {isa = PBXFileReference; lastKnownFileType = sourcecode.swift; path = File.swift; sourceTree = "<group>"; };
		A0D9B32B25E8197800B93C3A /* BMIViewController.swift */ = {isa = PBXFileReference; lastKnownFileType = sourcecode.swift; path = BMIViewController.swift; sourceTree = "<group>"; };
		A0F1DF6425F3ECAC003D7A3B /* HomeBoardViewController.swift */ = {isa = PBXFileReference; lastKnownFileType = sourcecode.swift; path = HomeBoardViewController.swift; sourceTree = "<group>"; };
		BB6CA564DDFF4ED613C7E2EB /* Pods_fitnessApp.framework */ = {isa = PBXFileReference; explicitFileType = wrapper.framework; includeInIndex = 0; path = Pods_fitnessApp.framework; sourceTree = BUILT_PRODUCTS_DIR; };
		E823293E25DCAE21001D9DE0 /* Step3ViewController.swift */ = {isa = PBXFileReference; lastKnownFileType = sourcecode.swift; path = Step3ViewController.swift; sourceTree = "<group>"; };
		E838B4CB262D0EB3001A8725 /* Workouts ViewController.swift */ = {isa = PBXFileReference; lastKnownFileType = sourcecode.swift; path = "Workouts ViewController.swift"; sourceTree = "<group>"; };
		E838B4D0262D0FB7001A8725 /* More ViewController.swift */ = {isa = PBXFileReference; lastKnownFileType = sourcecode.swift; path = "More ViewController.swift"; sourceTree = "<group>"; };
		E838B4DD262D198E001A8725 /* LogNewExercise ViewController.swift */ = {isa = PBXFileReference; lastKnownFileType = sourcecode.swift; path = "LogNewExercise ViewController.swift"; sourceTree = "<group>"; };
		E838B4EC262E12E9001A8725 /* Main ViewController.swift */ = {isa = PBXFileReference; lastKnownFileType = sourcecode.swift; path = "Main ViewController.swift"; sourceTree = "<group>"; };
/* End PBXFileReference section */

/* Begin PBXFrameworksBuildPhase section */
		3380697D25D86AB90031A084 /* Frameworks */ = {
			isa = PBXFrameworksBuildPhase;
			buildActionMask = 2147483647;
			files = (
				A002B50626235FA200A098EF /* MapKit.framework in Frameworks */,
				32901059DC6B92898F2200A8 /* Pods_fitnessApp.framework in Frameworks */,
			);
			runOnlyForDeploymentPostprocessing = 0;
		};
		3380699325D86ABA0031A084 /* Frameworks */ = {
			isa = PBXFrameworksBuildPhase;
			buildActionMask = 2147483647;
			files = (
				19E149642B66A273EEECA27D /* Pods_fitnessAppTests.framework in Frameworks */,
			);
			runOnlyForDeploymentPostprocessing = 0;
		};
		3380699E25D86ABA0031A084 /* Frameworks */ = {
			isa = PBXFrameworksBuildPhase;
			buildActionMask = 2147483647;
			files = (
				688EC7BB7636D33A3056E157 /* Pods_fitnessApp_fitnessAppUITests.framework in Frameworks */,
			);
			runOnlyForDeploymentPostprocessing = 0;
		};
/* End PBXFrameworksBuildPhase section */

/* Begin PBXGroup section */
		3380697725D86AB90031A084 = {
			isa = PBXGroup;
			children = (
				3380698225D86AB90031A084 /* fitnessApp */,
				3380699925D86ABA0031A084 /* fitnessAppTests */,
				338069A425D86ABA0031A084 /* fitnessAppUITests */,
				3380698125D86AB90031A084 /* Products */,
				BB817E79C10C1090895525DF /* Pods */,
				9A30078D6E1A0E70296CD0F3 /* Frameworks */,
			);
			sourceTree = "<group>";
		};
		3380698125D86AB90031A084 /* Products */ = {
			isa = PBXGroup;
			children = (
				3380698025D86AB90031A084 /* fitnessApp.app */,
				3380699625D86ABA0031A084 /* fitnessAppTests.xctest */,
				338069A125D86ABA0031A084 /* fitnessAppUITests.xctest */,
			);
			name = Products;
			sourceTree = "<group>";
		};
		3380698225D86AB90031A084 /* fitnessApp */ = {
			isa = PBXGroup;
			children = (
				A0D9B32B25E8197800B93C3A /* BMIViewController.swift */,
				3380698325D86AB90031A084 /* AppDelegate.swift */,
				3380698525D86AB90031A084 /* SceneDelegate.swift */,
				3380698725D86AB90031A084 /* ViewController.swift */,
				3380698925D86AB90031A084 /* Main.storyboard */,
				E838B4DD262D198E001A8725 /* LogNewExercise ViewController.swift */,
				E838B4D0262D0FB7001A8725 /* More ViewController.swift */,
				E838B4CB262D0EB3001A8725 /* Workouts ViewController.swift */,
				A002B4F12622630800A098EF /* APIViewController.swift */,
				3359B357260AB5C900C2E110 /* ProfilePageViewController.swift */,
				86C616AC25F96FEA00CABBE1 /* LoadExistingExercise.swift */,
				86C616A725F96DC200CABBE1 /* NewWorkout.swift */,
				86C616A225F9667900CABBE1 /* CreateNewExercise.swift */,
				861AB09126084E6400B08502 /* ExerciseTableViewController.swift */,
				A0F1DF6425F3ECAC003D7A3B /* HomeBoardViewController.swift */,
				86926A0125E19CB7007D52DF /* CalorieCalculator.swift */,
				333A475B25DEE40600E25965 /* MainPageViewController.swift */,
				A0D9B32325E817AF00B93C3A /* File.swift */,
				E823293E25DCAE21001D9DE0 /* Step3ViewController.swift */,
				E838B4EC262E12E9001A8725 /* Main ViewController.swift */,
				338069BE25D86DD70031A084 /* Step1ViewController.swift */,
				3380698C25D86ABA0031A084 /* Assets.xcassets */,
				3380698E25D86ABA0031A084 /* LaunchScreen.storyboard */,
				3380699125D86ABA0031A084 /* Info.plist */,
				A002B4F6262264AB00A098EF /* HomeModel.swift */,
				A002B4FB262264B600A098EF /* LocationModel.swift */,
			);
			path = fitnessApp;
			sourceTree = "<group>";
		};
		3380699925D86ABA0031A084 /* fitnessAppTests */ = {
			isa = PBXGroup;
			children = (
				3380699A25D86ABA0031A084 /* fitnessAppTests.swift */,
				3380699C25D86ABA0031A084 /* Info.plist */,
			);
			path = fitnessAppTests;
			sourceTree = "<group>";
		};
		338069A425D86ABA0031A084 /* fitnessAppUITests */ = {
			isa = PBXGroup;
			children = (
				338069A525D86ABA0031A084 /* fitnessAppUITests.swift */,
				338069A725D86ABA0031A084 /* Info.plist */,
			);
			path = fitnessAppUITests;
			sourceTree = "<group>";
		};
		9A30078D6E1A0E70296CD0F3 /* Frameworks */ = {
			isa = PBXGroup;
			children = (
				A002B50526235FA200A098EF /* MapKit.framework */,
				BB6CA564DDFF4ED613C7E2EB /* Pods_fitnessApp.framework */,
				02088EF0E5B263B01862752F /* Pods_fitnessApp_fitnessAppUITests.framework */,
				0821D888C189BCF0E664671C /* Pods_fitnessAppTests.framework */,
			);
			name = Frameworks;
			sourceTree = "<group>";
		};
		BB817E79C10C1090895525DF /* Pods */ = {
			isa = PBXGroup;
			children = (
				73F7E21E98CA2D2C56D5449D /* Pods-fitnessApp.debug.xcconfig */,
				5F9427D2E81E0BB7E4B970F2 /* Pods-fitnessApp.release.xcconfig */,
				8902C071542EEE3B157A0BEC /* Pods-fitnessApp-fitnessAppUITests.debug.xcconfig */,
				69C412693D83237AED7872C5 /* Pods-fitnessApp-fitnessAppUITests.release.xcconfig */,
				3763BEEA39D4A8B486D6A65A /* Pods-fitnessAppTests.debug.xcconfig */,
				241978DB5FDB858AD9FD636B /* Pods-fitnessAppTests.release.xcconfig */,
			);
			path = Pods;
			sourceTree = "<group>";
		};
/* End PBXGroup section */

/* Begin PBXNativeTarget section */
		3380697F25D86AB90031A084 /* fitnessApp */ = {
			isa = PBXNativeTarget;
			buildConfigurationList = 338069AA25D86ABA0031A084 /* Build configuration list for PBXNativeTarget "fitnessApp" */;
			buildPhases = (
				72663FAC33A9257B8E75A8F0 /* [CP] Check Pods Manifest.lock */,
				3380697C25D86AB90031A084 /* Sources */,
				3380697D25D86AB90031A084 /* Frameworks */,
				3380697E25D86AB90031A084 /* Resources */,
				EA7CFD1D93C59685E12B4B00 /* [CP] Embed Pods Frameworks */,
				91B5AE7BD2C9411EE0563629 /* [CP] Copy Pods Resources */,
			);
			buildRules = (
			);
			dependencies = (
			);
			name = fitnessApp;
			productName = fitnessApp;
			productReference = 3380698025D86AB90031A084 /* fitnessApp.app */;
			productType = "com.apple.product-type.application";
		};
		3380699525D86ABA0031A084 /* fitnessAppTests */ = {
			isa = PBXNativeTarget;
			buildConfigurationList = 338069AD25D86ABA0031A084 /* Build configuration list for PBXNativeTarget "fitnessAppTests" */;
			buildPhases = (
				FEC826C9E7D2CDE720C0BFFD /* [CP] Check Pods Manifest.lock */,
				3380699225D86ABA0031A084 /* Sources */,
				3380699325D86ABA0031A084 /* Frameworks */,
				3380699425D86ABA0031A084 /* Resources */,
			);
			buildRules = (
			);
			dependencies = (
				3380699825D86ABA0031A084 /* PBXTargetDependency */,
			);
			name = fitnessAppTests;
			productName = fitnessAppTests;
			productReference = 3380699625D86ABA0031A084 /* fitnessAppTests.xctest */;
			productType = "com.apple.product-type.bundle.unit-test";
		};
		338069A025D86ABA0031A084 /* fitnessAppUITests */ = {
			isa = PBXNativeTarget;
			buildConfigurationList = 338069B025D86ABA0031A084 /* Build configuration list for PBXNativeTarget "fitnessAppUITests" */;
			buildPhases = (
				58F893930A78109E2F017019 /* [CP] Check Pods Manifest.lock */,
				3380699D25D86ABA0031A084 /* Sources */,
				3380699E25D86ABA0031A084 /* Frameworks */,
				3380699F25D86ABA0031A084 /* Resources */,
				DD7061FD6D1A04A313EB0AA2 /* [CP] Embed Pods Frameworks */,
				B60FB5449F9722D84DC499E2 /* [CP] Copy Pods Resources */,
			);
			buildRules = (
			);
			dependencies = (
				338069A325D86ABA0031A084 /* PBXTargetDependency */,
			);
			name = fitnessAppUITests;
			productName = fitnessAppUITests;
			productReference = 338069A125D86ABA0031A084 /* fitnessAppUITests.xctest */;
			productType = "com.apple.product-type.bundle.ui-testing";
		};
/* End PBXNativeTarget section */

/* Begin PBXProject section */
		3380697825D86AB90031A084 /* Project object */ = {
			isa = PBXProject;
			attributes = {
				LastSwiftUpdateCheck = 1240;
				LastUpgradeCheck = 1240;
				TargetAttributes = {
					3380697F25D86AB90031A084 = {
						CreatedOnToolsVersion = 12.4;
					};
					3380699525D86ABA0031A084 = {
						CreatedOnToolsVersion = 12.4;
						TestTargetID = 3380697F25D86AB90031A084;
					};
					338069A025D86ABA0031A084 = {
						CreatedOnToolsVersion = 12.4;
						TestTargetID = 3380697F25D86AB90031A084;
					};
				};
			};
			buildConfigurationList = 3380697B25D86AB90031A084 /* Build configuration list for PBXProject "fitnessApp" */;
			compatibilityVersion = "Xcode 9.3";
			developmentRegion = en;
			hasScannedForEncodings = 0;
			knownRegions = (
				en,
				Base,
			);
			mainGroup = 3380697725D86AB90031A084;
			productRefGroup = 3380698125D86AB90031A084 /* Products */;
			projectDirPath = "";
			projectRoot = "";
			targets = (
				3380697F25D86AB90031A084 /* fitnessApp */,
				3380699525D86ABA0031A084 /* fitnessAppTests */,
				338069A025D86ABA0031A084 /* fitnessAppUITests */,
			);
		};
/* End PBXProject section */

/* Begin PBXResourcesBuildPhase section */
		3380697E25D86AB90031A084 /* Resources */ = {
			isa = PBXResourcesBuildPhase;
			buildActionMask = 2147483647;
			files = (
				3380699025D86ABA0031A084 /* LaunchScreen.storyboard in Resources */,
				3380698D25D86ABA0031A084 /* Assets.xcassets in Resources */,
				3380698B25D86AB90031A084 /* Main.storyboard in Resources */,
			);
			runOnlyForDeploymentPostprocessing = 0;
		};
		3380699425D86ABA0031A084 /* Resources */ = {
			isa = PBXResourcesBuildPhase;
			buildActionMask = 2147483647;
			files = (
			);
			runOnlyForDeploymentPostprocessing = 0;
		};
		3380699F25D86ABA0031A084 /* Resources */ = {
			isa = PBXResourcesBuildPhase;
			buildActionMask = 2147483647;
			files = (
			);
			runOnlyForDeploymentPostprocessing = 0;
		};
/* End PBXResourcesBuildPhase section */

/* Begin PBXShellScriptBuildPhase section */
		58F893930A78109E2F017019 /* [CP] Check Pods Manifest.lock */ = {
			isa = PBXShellScriptBuildPhase;
			buildActionMask = 2147483647;
			files = (
			);
			inputFileListPaths = (
			);
			inputPaths = (
				"${PODS_PODFILE_DIR_PATH}/Podfile.lock",
				"${PODS_ROOT}/Manifest.lock",
			);
			name = "[CP] Check Pods Manifest.lock";
			outputFileListPaths = (
			);
			outputPaths = (
				"$(DERIVED_FILE_DIR)/Pods-fitnessApp-fitnessAppUITests-checkManifestLockResult.txt",
			);
			runOnlyForDeploymentPostprocessing = 0;
			shellPath = /bin/sh;
			shellScript = "diff \"${PODS_PODFILE_DIR_PATH}/Podfile.lock\" \"${PODS_ROOT}/Manifest.lock\" > /dev/null\nif [ $? != 0 ] ; then\n    # print error to STDERR\n    echo \"error: The sandbox is not in sync with the Podfile.lock. Run 'pod install' or update your CocoaPods installation.\" >&2\n    exit 1\nfi\n# This output is used by Xcode 'outputs' to avoid re-running this script phase.\necho \"SUCCESS\" > \"${SCRIPT_OUTPUT_FILE_0}\"\n";
			showEnvVarsInLog = 0;
		};
		72663FAC33A9257B8E75A8F0 /* [CP] Check Pods Manifest.lock */ = {
			isa = PBXShellScriptBuildPhase;
			buildActionMask = 2147483647;
			files = (
			);
			inputFileListPaths = (
			);
			inputPaths = (
				"${PODS_PODFILE_DIR_PATH}/Podfile.lock",
				"${PODS_ROOT}/Manifest.lock",
			);
			name = "[CP] Check Pods Manifest.lock";
			outputFileListPaths = (
			);
			outputPaths = (
				"$(DERIVED_FILE_DIR)/Pods-fitnessApp-checkManifestLockResult.txt",
			);
			runOnlyForDeploymentPostprocessing = 0;
			shellPath = /bin/sh;
			shellScript = "diff \"${PODS_PODFILE_DIR_PATH}/Podfile.lock\" \"${PODS_ROOT}/Manifest.lock\" > /dev/null\nif [ $? != 0 ] ; then\n    # print error to STDERR\n    echo \"error: The sandbox is not in sync with the Podfile.lock. Run 'pod install' or update your CocoaPods installation.\" >&2\n    exit 1\nfi\n# This output is used by Xcode 'outputs' to avoid re-running this script phase.\necho \"SUCCESS\" > \"${SCRIPT_OUTPUT_FILE_0}\"\n";
			showEnvVarsInLog = 0;
		};
		91B5AE7BD2C9411EE0563629 /* [CP] Copy Pods Resources */ = {
			isa = PBXShellScriptBuildPhase;
			buildActionMask = 2147483647;
			files = (
			);
			inputFileListPaths = (
				"${PODS_ROOT}/Target Support Files/Pods-fitnessApp/Pods-fitnessApp-resources-${CONFIGURATION}-input-files.xcfilelist",
			);
			name = "[CP] Copy Pods Resources";
			outputFileListPaths = (
				"${PODS_ROOT}/Target Support Files/Pods-fitnessApp/Pods-fitnessApp-resources-${CONFIGURATION}-output-files.xcfilelist",
			);
			runOnlyForDeploymentPostprocessing = 0;
			shellPath = /bin/sh;
			shellScript = "\"${PODS_ROOT}/Target Support Files/Pods-fitnessApp/Pods-fitnessApp-resources.sh\"\n";
			showEnvVarsInLog = 0;
		};
		B60FB5449F9722D84DC499E2 /* [CP] Copy Pods Resources */ = {
			isa = PBXShellScriptBuildPhase;
			buildActionMask = 2147483647;
			files = (
			);
			inputFileListPaths = (
				"${PODS_ROOT}/Target Support Files/Pods-fitnessApp-fitnessAppUITests/Pods-fitnessApp-fitnessAppUITests-resources-${CONFIGURATION}-input-files.xcfilelist",
			);
			name = "[CP] Copy Pods Resources";
			outputFileListPaths = (
				"${PODS_ROOT}/Target Support Files/Pods-fitnessApp-fitnessAppUITests/Pods-fitnessApp-fitnessAppUITests-resources-${CONFIGURATION}-output-files.xcfilelist",
			);
			runOnlyForDeploymentPostprocessing = 0;
			shellPath = /bin/sh;
			shellScript = "\"${PODS_ROOT}/Target Support Files/Pods-fitnessApp-fitnessAppUITests/Pods-fitnessApp-fitnessAppUITests-resources.sh\"\n";
			showEnvVarsInLog = 0;
		};
		DD7061FD6D1A04A313EB0AA2 /* [CP] Embed Pods Frameworks */ = {
			isa = PBXShellScriptBuildPhase;
			buildActionMask = 2147483647;
			files = (
			);
			inputFileListPaths = (
				"${PODS_ROOT}/Target Support Files/Pods-fitnessApp-fitnessAppUITests/Pods-fitnessApp-fitnessAppUITests-frameworks-${CONFIGURATION}-input-files.xcfilelist",
			);
			name = "[CP] Embed Pods Frameworks";
			outputFileListPaths = (
				"${PODS_ROOT}/Target Support Files/Pods-fitnessApp-fitnessAppUITests/Pods-fitnessApp-fitnessAppUITests-frameworks-${CONFIGURATION}-output-files.xcfilelist",
			);
			runOnlyForDeploymentPostprocessing = 0;
			shellPath = /bin/sh;
			shellScript = "\"${PODS_ROOT}/Target Support Files/Pods-fitnessApp-fitnessAppUITests/Pods-fitnessApp-fitnessAppUITests-frameworks.sh\"\n";
			showEnvVarsInLog = 0;
		};
		EA7CFD1D93C59685E12B4B00 /* [CP] Embed Pods Frameworks */ = {
			isa = PBXShellScriptBuildPhase;
			buildActionMask = 2147483647;
			files = (
			);
			inputFileListPaths = (
				"${PODS_ROOT}/Target Support Files/Pods-fitnessApp/Pods-fitnessApp-frameworks-${CONFIGURATION}-input-files.xcfilelist",
			);
			name = "[CP] Embed Pods Frameworks";
			outputFileListPaths = (
				"${PODS_ROOT}/Target Support Files/Pods-fitnessApp/Pods-fitnessApp-frameworks-${CONFIGURATION}-output-files.xcfilelist",
			);
			runOnlyForDeploymentPostprocessing = 0;
			shellPath = /bin/sh;
			shellScript = "\"${PODS_ROOT}/Target Support Files/Pods-fitnessApp/Pods-fitnessApp-frameworks.sh\"\n";
			showEnvVarsInLog = 0;
		};
		FEC826C9E7D2CDE720C0BFFD /* [CP] Check Pods Manifest.lock */ = {
			isa = PBXShellScriptBuildPhase;
			buildActionMask = 2147483647;
			files = (
			);
			inputFileListPaths = (
			);
			inputPaths = (
				"${PODS_PODFILE_DIR_PATH}/Podfile.lock",
				"${PODS_ROOT}/Manifest.lock",
			);
			name = "[CP] Check Pods Manifest.lock";
			outputFileListPaths = (
			);
			outputPaths = (
				"$(DERIVED_FILE_DIR)/Pods-fitnessAppTests-checkManifestLockResult.txt",
			);
			runOnlyForDeploymentPostprocessing = 0;
			shellPath = /bin/sh;
			shellScript = "diff \"${PODS_PODFILE_DIR_PATH}/Podfile.lock\" \"${PODS_ROOT}/Manifest.lock\" > /dev/null\nif [ $? != 0 ] ; then\n    # print error to STDERR\n    echo \"error: The sandbox is not in sync with the Podfile.lock. Run 'pod install' or update your CocoaPods installation.\" >&2\n    exit 1\nfi\n# This output is used by Xcode 'outputs' to avoid re-running this script phase.\necho \"SUCCESS\" > \"${SCRIPT_OUTPUT_FILE_0}\"\n";
			showEnvVarsInLog = 0;
		};
/* End PBXShellScriptBuildPhase section */

/* Begin PBXSourcesBuildPhase section */
		3380697C25D86AB90031A084 /* Sources */ = {
			isa = PBXSourcesBuildPhase;
			buildActionMask = 2147483647;
			files = (
				A0F1DF6525F3ECAC003D7A3B /* HomeBoardViewController.swift in Sources */,
				861AB09226084E6400B08502 /* ExerciseTableViewController.swift in Sources */,
				A002B4F7262264AB00A098EF /* HomeModel.swift in Sources */,
				338069BF25D86DD70031A084 /* Step1ViewController.swift in Sources */,
				86C616AD25F96FEA00CABBE1 /* LoadExistingExercise.swift in Sources */,
				333A475C25DEE40600E25965 /* MainPageViewController.swift in Sources */,
				86C616A325F9667900CABBE1 /* CreateNewExercise.swift in Sources */,
				E838B4DE262D198E001A8725 /* LogNewExercise ViewController.swift in Sources */,
				3359B358260AB5C900C2E110 /* ProfilePageViewController.swift in Sources */,
				86926A0225E19CB7007D52DF /* CalorieCalculator.swift in Sources */,
				E838B4CC262D0EB3001A8725 /* Workouts ViewController.swift in Sources */,
				A002B4FC262264B600A098EF /* LocationModel.swift in Sources */,
				E823293F25DCAE21001D9DE0 /* Step3ViewController.swift in Sources */,
				86C616A825F96DC200CABBE1 /* NewWorkout.swift in Sources */,
				E838B4ED262E12E9001A8725 /* Main ViewController.swift in Sources */,
				3380698825D86AB90031A084 /* ViewController.swift in Sources */,
				A0D9B32425E817AF00B93C3A /* File.swift in Sources */,
				3380698425D86AB90031A084 /* AppDelegate.swift in Sources */,
				3380698625D86AB90031A084 /* SceneDelegate.swift in Sources */,
				A0D9B32C25E8197800B93C3A /* BMIViewController.swift in Sources */,
				A002B4F22622630800A098EF /* APIViewController.swift in Sources */,
				E838B4D1262D0FB7001A8725 /* More ViewController.swift in Sources */,
			);
			runOnlyForDeploymentPostprocessing = 0;
		};
		3380699225D86ABA0031A084 /* Sources */ = {
			isa = PBXSourcesBuildPhase;
			buildActionMask = 2147483647;
			files = (
				3380699B25D86ABA0031A084 /* fitnessAppTests.swift in Sources */,
			);
			runOnlyForDeploymentPostprocessing = 0;
		};
		3380699D25D86ABA0031A084 /* Sources */ = {
			isa = PBXSourcesBuildPhase;
			buildActionMask = 2147483647;
			files = (
				338069A625D86ABA0031A084 /* fitnessAppUITests.swift in Sources */,
			);
			runOnlyForDeploymentPostprocessing = 0;
		};
/* End PBXSourcesBuildPhase section */

/* Begin PBXTargetDependency section */
		3380699825D86ABA0031A084 /* PBXTargetDependency */ = {
			isa = PBXTargetDependency;
			target = 3380697F25D86AB90031A084 /* fitnessApp */;
			targetProxy = 3380699725D86ABA0031A084 /* PBXContainerItemProxy */;
		};
		338069A325D86ABA0031A084 /* PBXTargetDependency */ = {
			isa = PBXTargetDependency;
			target = 3380697F25D86AB90031A084 /* fitnessApp */;
			targetProxy = 338069A225D86ABA0031A084 /* PBXContainerItemProxy */;
		};
/* End PBXTargetDependency section */

/* Begin PBXVariantGroup section */
		3380698925D86AB90031A084 /* Main.storyboard */ = {
			isa = PBXVariantGroup;
			children = (
				3380698A25D86AB90031A084 /* Base */,
			);
			name = Main.storyboard;
			sourceTree = "<group>";
		};
		3380698E25D86ABA0031A084 /* LaunchScreen.storyboard */ = {
			isa = PBXVariantGroup;
			children = (
				3380698F25D86ABA0031A084 /* Base */,
			);
			name = LaunchScreen.storyboard;
			sourceTree = "<group>";
		};
/* End PBXVariantGroup section */

/* Begin XCBuildConfiguration section */
		338069A825D86ABA0031A084 /* Debug */ = {
			isa = XCBuildConfiguration;
			buildSettings = {
				ALWAYS_SEARCH_USER_PATHS = NO;
				CLANG_ANALYZER_NONNULL = YES;
				CLANG_ANALYZER_NUMBER_OBJECT_CONVERSION = YES_AGGRESSIVE;
				CLANG_CXX_LANGUAGE_STANDARD = "gnu++14";
				CLANG_CXX_LIBRARY = "libc++";
				CLANG_ENABLE_MODULES = YES;
				CLANG_ENABLE_OBJC_ARC = YES;
				CLANG_ENABLE_OBJC_WEAK = YES;
				CLANG_WARN_BLOCK_CAPTURE_AUTORELEASING = YES;
				CLANG_WARN_BOOL_CONVERSION = YES;
				CLANG_WARN_COMMA = YES;
				CLANG_WARN_CONSTANT_CONVERSION = YES;
				CLANG_WARN_DEPRECATED_OBJC_IMPLEMENTATIONS = YES;
				CLANG_WARN_DIRECT_OBJC_ISA_USAGE = YES_ERROR;
				CLANG_WARN_DOCUMENTATION_COMMENTS = YES;
				CLANG_WARN_EMPTY_BODY = YES;
				CLANG_WARN_ENUM_CONVERSION = YES;
				CLANG_WARN_INFINITE_RECURSION = YES;
				CLANG_WARN_INT_CONVERSION = YES;
				CLANG_WARN_NON_LITERAL_NULL_CONVERSION = YES;
				CLANG_WARN_OBJC_IMPLICIT_RETAIN_SELF = YES;
				CLANG_WARN_OBJC_LITERAL_CONVERSION = YES;
				CLANG_WARN_OBJC_ROOT_CLASS = YES_ERROR;
				CLANG_WARN_QUOTED_INCLUDE_IN_FRAMEWORK_HEADER = YES;
				CLANG_WARN_RANGE_LOOP_ANALYSIS = YES;
				CLANG_WARN_STRICT_PROTOTYPES = YES;
				CLANG_WARN_SUSPICIOUS_MOVE = YES;
				CLANG_WARN_UNGUARDED_AVAILABILITY = YES_AGGRESSIVE;
				CLANG_WARN_UNREACHABLE_CODE = YES;
				CLANG_WARN__DUPLICATE_METHOD_MATCH = YES;
				COPY_PHASE_STRIP = NO;
				DEBUG_INFORMATION_FORMAT = dwarf;
				ENABLE_STRICT_OBJC_MSGSEND = YES;
				ENABLE_TESTABILITY = YES;
				GCC_C_LANGUAGE_STANDARD = gnu11;
				GCC_DYNAMIC_NO_PIC = NO;
				GCC_NO_COMMON_BLOCKS = YES;
				GCC_OPTIMIZATION_LEVEL = 0;
				GCC_PREPROCESSOR_DEFINITIONS = (
					"DEBUG=1",
					"$(inherited)",
				);
				GCC_WARN_64_TO_32_BIT_CONVERSION = YES;
				GCC_WARN_ABOUT_RETURN_TYPE = YES_ERROR;
				GCC_WARN_UNDECLARED_SELECTOR = YES;
				GCC_WARN_UNINITIALIZED_AUTOS = YES_AGGRESSIVE;
				GCC_WARN_UNUSED_FUNCTION = YES;
				GCC_WARN_UNUSED_VARIABLE = YES;
				IPHONEOS_DEPLOYMENT_TARGET = 14.4;
				MTL_ENABLE_DEBUG_INFO = INCLUDE_SOURCE;
				MTL_FAST_MATH = YES;
				ONLY_ACTIVE_ARCH = YES;
				SDKROOT = iphoneos;
				SWIFT_ACTIVE_COMPILATION_CONDITIONS = DEBUG;
				SWIFT_OPTIMIZATION_LEVEL = "-Onone";
			};
			name = Debug;
		};
		338069A925D86ABA0031A084 /* Release */ = {
			isa = XCBuildConfiguration;
			buildSettings = {
				ALWAYS_SEARCH_USER_PATHS = NO;
				CLANG_ANALYZER_NONNULL = YES;
				CLANG_ANALYZER_NUMBER_OBJECT_CONVERSION = YES_AGGRESSIVE;
				CLANG_CXX_LANGUAGE_STANDARD = "gnu++14";
				CLANG_CXX_LIBRARY = "libc++";
				CLANG_ENABLE_MODULES = YES;
				CLANG_ENABLE_OBJC_ARC = YES;
				CLANG_ENABLE_OBJC_WEAK = YES;
				CLANG_WARN_BLOCK_CAPTURE_AUTORELEASING = YES;
				CLANG_WARN_BOOL_CONVERSION = YES;
				CLANG_WARN_COMMA = YES;
				CLANG_WARN_CONSTANT_CONVERSION = YES;
				CLANG_WARN_DEPRECATED_OBJC_IMPLEMENTATIONS = YES;
				CLANG_WARN_DIRECT_OBJC_ISA_USAGE = YES_ERROR;
				CLANG_WARN_DOCUMENTATION_COMMENTS = YES;
				CLANG_WARN_EMPTY_BODY = YES;
				CLANG_WARN_ENUM_CONVERSION = YES;
				CLANG_WARN_INFINITE_RECURSION = YES;
				CLANG_WARN_INT_CONVERSION = YES;
				CLANG_WARN_NON_LITERAL_NULL_CONVERSION = YES;
				CLANG_WARN_OBJC_IMPLICIT_RETAIN_SELF = YES;
				CLANG_WARN_OBJC_LITERAL_CONVERSION = YES;
				CLANG_WARN_OBJC_ROOT_CLASS = YES_ERROR;
				CLANG_WARN_QUOTED_INCLUDE_IN_FRAMEWORK_HEADER = YES;
				CLANG_WARN_RANGE_LOOP_ANALYSIS = YES;
				CLANG_WARN_STRICT_PROTOTYPES = YES;
				CLANG_WARN_SUSPICIOUS_MOVE = YES;
				CLANG_WARN_UNGUARDED_AVAILABILITY = YES_AGGRESSIVE;
				CLANG_WARN_UNREACHABLE_CODE = YES;
				CLANG_WARN__DUPLICATE_METHOD_MATCH = YES;
				COPY_PHASE_STRIP = NO;
				DEBUG_INFORMATION_FORMAT = "dwarf-with-dsym";
				ENABLE_NS_ASSERTIONS = NO;
				ENABLE_STRICT_OBJC_MSGSEND = YES;
				GCC_C_LANGUAGE_STANDARD = gnu11;
				GCC_NO_COMMON_BLOCKS = YES;
				GCC_WARN_64_TO_32_BIT_CONVERSION = YES;
				GCC_WARN_ABOUT_RETURN_TYPE = YES_ERROR;
				GCC_WARN_UNDECLARED_SELECTOR = YES;
				GCC_WARN_UNINITIALIZED_AUTOS = YES_AGGRESSIVE;
				GCC_WARN_UNUSED_FUNCTION = YES;
				GCC_WARN_UNUSED_VARIABLE = YES;
				IPHONEOS_DEPLOYMENT_TARGET = 14.4;
				MTL_ENABLE_DEBUG_INFO = NO;
				MTL_FAST_MATH = YES;
				SDKROOT = iphoneos;
				SWIFT_COMPILATION_MODE = wholemodule;
				SWIFT_OPTIMIZATION_LEVEL = "-O";
				VALIDATE_PRODUCT = YES;
			};
			name = Release;
		};
		338069AB25D86ABA0031A084 /* Debug */ = {
			isa = XCBuildConfiguration;
			baseConfigurationReference = 73F7E21E98CA2D2C56D5449D /* Pods-fitnessApp.debug.xcconfig */;
			buildSettings = {
				ASSETCATALOG_COMPILER_APPICON_NAME = AppIcon;
				ASSETCATALOG_COMPILER_GLOBAL_ACCENT_COLOR_NAME = AccentColor;
				CODE_SIGN_STYLE = Automatic;
				INFOPLIST_FILE = fitnessApp/Info.plist;
				LD_RUNPATH_SEARCH_PATHS = (
					"$(inherited)",
					"@executable_path/Frameworks",
				);
				PRODUCT_BUNDLE_IDENTIFIER = Codepath.fitnessApp;
				PRODUCT_NAME = "$(TARGET_NAME)";
				SWIFT_VERSION = 5.0;
				TARGETED_DEVICE_FAMILY = "1,2";
			};
			name = Debug;
		};
		338069AC25D86ABA0031A084 /* Release */ = {
			isa = XCBuildConfiguration;
			baseConfigurationReference = 5F9427D2E81E0BB7E4B970F2 /* Pods-fitnessApp.release.xcconfig */;
			buildSettings = {
				ASSETCATALOG_COMPILER_APPICON_NAME = AppIcon;
				ASSETCATALOG_COMPILER_GLOBAL_ACCENT_COLOR_NAME = AccentColor;
				CODE_SIGN_STYLE = Automatic;
				INFOPLIST_FILE = fitnessApp/Info.plist;
				LD_RUNPATH_SEARCH_PATHS = (
					"$(inherited)",
					"@executable_path/Frameworks",
				);
				PRODUCT_BUNDLE_IDENTIFIER = Codepath.fitnessApp;
				PRODUCT_NAME = "$(TARGET_NAME)";
				SWIFT_VERSION = 5.0;
				TARGETED_DEVICE_FAMILY = "1,2";
			};
			name = Release;
		};
		338069AE25D86ABA0031A084 /* Debug */ = {
			isa = XCBuildConfiguration;
			baseConfigurationReference = 3763BEEA39D4A8B486D6A65A /* Pods-fitnessAppTests.debug.xcconfig */;
			buildSettings = {
				ALWAYS_EMBED_SWIFT_STANDARD_LIBRARIES = YES;
				BUNDLE_LOADER = "$(TEST_HOST)";
				CODE_SIGN_STYLE = Automatic;
				INFOPLIST_FILE = fitnessAppTests/Info.plist;
				IPHONEOS_DEPLOYMENT_TARGET = 14.4;
				LD_RUNPATH_SEARCH_PATHS = (
					"$(inherited)",
					"@executable_path/Frameworks",
					"@loader_path/Frameworks",
				);
				PRODUCT_BUNDLE_IDENTIFIER = Codepath.fitnessAppTests;
				PRODUCT_NAME = "$(TARGET_NAME)";
				SWIFT_VERSION = 5.0;
				TARGETED_DEVICE_FAMILY = "1,2";
				TEST_HOST = "$(BUILT_PRODUCTS_DIR)/fitnessApp.app/fitnessApp";
			};
			name = Debug;
		};
		338069AF25D86ABA0031A084 /* Release */ = {
			isa = XCBuildConfiguration;
			baseConfigurationReference = 241978DB5FDB858AD9FD636B /* Pods-fitnessAppTests.release.xcconfig */;
			buildSettings = {
				ALWAYS_EMBED_SWIFT_STANDARD_LIBRARIES = YES;
				BUNDLE_LOADER = "$(TEST_HOST)";
				CODE_SIGN_STYLE = Automatic;
				INFOPLIST_FILE = fitnessAppTests/Info.plist;
				IPHONEOS_DEPLOYMENT_TARGET = 14.4;
				LD_RUNPATH_SEARCH_PATHS = (
					"$(inherited)",
					"@executable_path/Frameworks",
					"@loader_path/Frameworks",
				);
				PRODUCT_BUNDLE_IDENTIFIER = Codepath.fitnessAppTests;
				PRODUCT_NAME = "$(TARGET_NAME)";
				SWIFT_VERSION = 5.0;
				TARGETED_DEVICE_FAMILY = "1,2";
				TEST_HOST = "$(BUILT_PRODUCTS_DIR)/fitnessApp.app/fitnessApp";
			};
			name = Release;
		};
		338069B125D86ABA0031A084 /* Debug */ = {
			isa = XCBuildConfiguration;
			baseConfigurationReference = 8902C071542EEE3B157A0BEC /* Pods-fitnessApp-fitnessAppUITests.debug.xcconfig */;
			buildSettings = {
				ALWAYS_EMBED_SWIFT_STANDARD_LIBRARIES = YES;
				CODE_SIGN_STYLE = Automatic;
				INFOPLIST_FILE = fitnessAppUITests/Info.plist;
				LD_RUNPATH_SEARCH_PATHS = (
					"$(inherited)",
					"@executable_path/Frameworks",
					"@loader_path/Frameworks",
				);
				PRODUCT_BUNDLE_IDENTIFIER = Codepath.fitnessAppUITests;
				PRODUCT_NAME = "$(TARGET_NAME)";
				SWIFT_VERSION = 5.0;
				TARGETED_DEVICE_FAMILY = "1,2";
				TEST_TARGET_NAME = fitnessApp;
			};
			name = Debug;
		};
		338069B225D86ABA0031A084 /* Release */ = {
			isa = XCBuildConfiguration;
			baseConfigurationReference = 69C412693D83237AED7872C5 /* Pods-fitnessApp-fitnessAppUITests.release.xcconfig */;
			buildSettings = {
				ALWAYS_EMBED_SWIFT_STANDARD_LIBRARIES = YES;
				CODE_SIGN_STYLE = Automatic;
				INFOPLIST_FILE = fitnessAppUITests/Info.plist;
				LD_RUNPATH_SEARCH_PATHS = (
					"$(inherited)",
					"@executable_path/Frameworks",
					"@loader_path/Frameworks",
				);
				PRODUCT_BUNDLE_IDENTIFIER = Codepath.fitnessAppUITests;
				PRODUCT_NAME = "$(TARGET_NAME)";
				SWIFT_VERSION = 5.0;
				TARGETED_DEVICE_FAMILY = "1,2";
				TEST_TARGET_NAME = fitnessApp;
			};
			name = Release;
		};
/* End XCBuildConfiguration section */

/* Begin XCConfigurationList section */
		3380697B25D86AB90031A084 /* Build configuration list for PBXProject "fitnessApp" */ = {
			isa = XCConfigurationList;
			buildConfigurations = (
				338069A825D86ABA0031A084 /* Debug */,
				338069A925D86ABA0031A084 /* Release */,
			);
			defaultConfigurationIsVisible = 0;
			defaultConfigurationName = Release;
		};
		338069AA25D86ABA0031A084 /* Build configuration list for PBXNativeTarget "fitnessApp" */ = {
			isa = XCConfigurationList;
			buildConfigurations = (
				338069AB25D86ABA0031A084 /* Debug */,
				338069AC25D86ABA0031A084 /* Release */,
			);
			defaultConfigurationIsVisible = 0;
			defaultConfigurationName = Release;
		};
		338069AD25D86ABA0031A084 /* Build configuration list for PBXNativeTarget "fitnessAppTests" */ = {
			isa = XCConfigurationList;
			buildConfigurations = (
				338069AE25D86ABA0031A084 /* Debug */,
				338069AF25D86ABA0031A084 /* Release */,
			);
			defaultConfigurationIsVisible = 0;
			defaultConfigurationName = Release;
		};
		338069B025D86ABA0031A084 /* Build configuration list for PBXNativeTarget "fitnessAppUITests" */ = {
			isa = XCConfigurationList;
			buildConfigurations = (
				338069B125D86ABA0031A084 /* Debug */,
				338069B225D86ABA0031A084 /* Release */,
			);
			defaultConfigurationIsVisible = 0;
			defaultConfigurationName = Release;
		};
/* End XCConfigurationList section */
	};
	rootObject = 3380697825D86AB90031A084 /* Project object */;
}
